github.com/altshiftab/utils_go v1.23.1 h1:zMbWKFfQ//3buaBSVNnaYW6ZHOcKbII45l649/uDleA=
github.com/altshiftab/utils_go v1.23.1/go.mod h1:VSr1HgvPdUxUV9Y97SfmxANI27QMZ6V1co3/pDlZ8A8=
github.com/florianl/go-nflog/v2 v2.3.0 h1:mghOcw09/XPs9dEoR1ffKPNC/tsNRCuhq/2BTz2GRjQ=
github.com/florianl/go-nflog/v2 v2.3.0/go.mod h1:ob11SI7TLgZJVZj356/kiD5DtTzKLw/caENAKeVSgSM=
github.com/google/go-cmp v0.7.0 h1:wk8382ETsv4JYUZwIsn6YpYiWiBsYLSJiTsyBybVuN8=
github.com/google/go-cmp v0.7.0/go.mod h1:pXiqmnSA92OHEEa9HXL2W4E7lf9JzCmGVUdgjX3N/iU=
github.com/gopacket/gopacket v1.7.1 h1:1C7/wrJ5HyiEAYDtStJHQk4rV0ChpanZDV9+3Ov3gaM=
github.com/gopacket/gopacket v1.7.1/go.mod h1:QKowPlTLrQU2rqV5C5I14Aoaid3l8da3kbddibc/Wgk=
github.com/mdlayher/netlink v1.11.2 h1:HKh2jqe+omdSWcQ88nrT7INE61B0NXfiSPFdgL4YbNI=
github.com/mdlayher/netlink v1.11.2/go.mod h1:uT2Yc/QLaZubzDpZIBi9d4GoeLwtp3x1AMeqSRrK2sA=
github.com/mdlayher/socket v0.6.0 h1:ScZPaAGyO1icQnbFrhPM8mnXyMu9qukC1K4ZoM2IQKU=
github.com/mdlayher/socket v0.6.0/go.mod h1:q7vozUAnxSqnjHc12Fik5yUKIzfZ8ITCfMkhOtE9z18=
github.com/vphpersson/packet_logging v0.0.5 h1:8WP4BmXBKlKRuunBEX1gf7O2jxoV7N/Rr4v7sorABgw=
github.com/vphpersson/packet_logging v0.0.5/go.mod h1:3vbYvSWPlQ61NSpX69LAe3GahwwYVqMNnP0fW1jB0yc=
golang.org/x/net v0.55.0 h1:bcvxaJn3e1U6InsFWt1JUq1aSjnRxLzT2rtD2KfkDF8=
golang.org/x/net v0.55.0/go.mod h1:L5U2KuzuOe1lY7Z+aWVIKK6qEeJXnXV9yzGA+WCHJww=
golang.org/x/sync v0.20.0 h1:e0PTpb7pjO8GAtTs2dQ6jYa5BWYlMuX047Dco/pItO4=
golang.org/x/sync v0.20.0/go.mod h1:9xrNwdLfx4jkKbNva9FpL6vEN7evnE43NNNJQ2LF3+0=
golang.org/x/sys v0.45.0 h1:dO4czNzziLiiXplLQgBCEpCvXQ3dnkn0SdaZSYdQ+FY=
golang.org/x/sys v0.45.0/go.mod h1:4GL1E5IUh+htKOUEOaiffhrAeqysfVGipDYzABqnCmw=
